
Microsoft Visual Studio Solution File, Format Version 12.00
# Visual Studio Version 16
VisualStudioVersion = 16.0.29102.190
MinimumVisualStudioVersion = 10.0.40219.1
Project("{FAE04EC0-301F-11D3-BF4B-00C04F79EFBC}") = "PawsNClaws", "src\PawsNClaws\PawsNClaws.csproj", "{3815767F-22B2-4C93-BFD2-D5210F645F07}"
EndProject
Project("{FAE04EC0-301F-11D3-BF4B-00C04F79EFBC}") = "PawsNClaws.DATA.EF", "src\PawsNClaws.DATA.EF\PawsNClaws.DATA.EF.csproj", "{50F8E292-ADD3-4F56-9C46-1B4D9B549FC9}"
EndProject
Global
	GlobalSection(SolutionConfigurationPlatforms) = preSolution
		Debug|Any CPU = Debug|Any CPU
		Release|Any CPU = Release|Any CPU
	EndGlobalSection
	GlobalSection(ProjectConfigurationPlatforms) = postSolution
		{3815767F-22B2-4C93-BFD2-D5210F645F07}.Debug|Any CPU.ActiveCfg = Debug|Any CPU
		{3815767F-22B2-4C93-BFD2-D5210F645F07}.Debug|Any CPU.Build.0 = Debug|Any CPU
		{3815767F-22B2-4C93-BFD2-D5210F645F07}.Release|Any CPU.ActiveCfg = Release|Any CPU
		{3815767F-22B2-4C93-BFD2-D5210F645F07}.Release|Any CPU.Build.0 = Release|Any CPU
		{50F8E292-ADD3-4F56-9C46-1B4D9B549FC9}.Debug|Any CPU.ActiveCfg = Debug|Any CPU
		{50F8E292-ADD3-4F56-9C46-1B4D9B549FC9}.Debug|Any CPU.Build.0 = Debug|Any CPU
		{50F8E292-ADD3-4F56-9C46-1B4D9B549FC9}.Release|Any CPU.ActiveCfg = Release|Any CPU
		{50F8E292-ADD3-4F56-9C46-1B4D9B549FC9}.Release|Any CPU.Build.0 = Release|Any CPU
	EndGlobalSection
	GlobalSection(SolutionProperties) = preSolution
		HideSolutionNode = FALSE
	EndGlobalSection
	GlobalSection(ExtensibilityGlobals) = postSolution
		SolutionGuid = {5D837BDE-D394-4488-ADEE-477EC97A5EF2}
	EndGlobalSection
EndGlobal
